// !$*UTF8*$!
{
	archiveVersion = 1;
	classes = {
	};
	objectVersion = 46;
	objects = {

/* Begin PBXBuildFile section */
		A00A80431A9AE29C0074785C /* AppDelegate.swift in Sources */ = {isa = PBXBuildFile; fileRef = A00A80421A9AE29C0074785C /* AppDelegate.swift */; };
		A00A80451A9AE29C0074785C /* ViewController.swift in Sources */ = {isa = PBXBuildFile; fileRef = A00A80441A9AE29C0074785C /* ViewController.swift */; };
		A00A80481A9AE29C0074785C /* Main.storyboard in Resources */ = {isa = PBXBuildFile; fileRef = A00A80461A9AE29C0074785C /* Main.storyboard */; };
		A00A804A1A9AE29C0074785C /* Images.xcassets in Resources */ = {isa = PBXBuildFile; fileRef = A00A80491A9AE29C0074785C /* Images.xcassets */; };
		A00A804D1A9AE29C0074785C /* LaunchScreen.xib in Resources */ = {isa = PBXBuildFile; fileRef = A00A804B1A9AE29C0074785C /* LaunchScreen.xib */; };
		A00A80591A9AE29C0074785C /* RPSgameTests.swift in Sources */ = {isa = PBXBuildFile; fileRef = A00A80581A9AE29C0074785C /* RPSgameTests.swift */; };
		A00A80671A9AF0440074785C /* ResultViewController.swift in Sources */ = {isa = PBXBuildFile; fileRef = A00A80661A9AF0440074785C /* ResultViewController.swift */; };
/* End PBXBuildFile section */

/* Begin PBXContainerItemProxy section */
		A00A80531A9AE29C0074785C /* PBXContainerItemProxy */ = {
			isa = PBXContainerItemProxy;
			containerPortal = A00A80351A9AE29B0074785C /* Project object */;
			proxyType = 1;
			remoteGlobalIDString = A00A803C1A9AE29C0074785C;
			remoteInfo = RPSgame;
		};
/* End PBXContainerItemProxy section */

/* Begin PBXFileReference section */
		A00A803D1A9AE29C0074785C /* RPSgame.app */ = {isa = PBXFileReference; explicitFileType = wrapper.application; includeInIndex = 0; path = RPSgame.app; sourceTree = BUILT_PRODUCTS_DIR; };
		A00A80411A9AE29C0074785C /* Info.plist */ = {isa = PBXFileReference; lastKnownFileType = text.plist.xml; path = Info.plist; sourceTree = "<group>"; };
		A00A80421A9AE29C0074785C /* AppDelegate.swift */ = {isa = PBXFileReference; lastKnownFileType = sourcecode.swift; path = AppDelegate.swift; sourceTree = "<group>"; };
		A00A80441A9AE29C0074785C /* ViewController.swift */ = {isa = PBXFileReference; lastKnownFileType = sourcecode.swift; path = ViewController.swift; sourceTree = "<group>"; };
		A00A80471A9AE29C0074785C /* Base */ = {isa = PBXFileReference; lastKnownFileType = file.storyboard; name = Base; path = Base.lproj/Main.storyboard; sourceTree = "<group>"; };
		A00A80491A9AE29C0074785C /* Images.xcassets */ = {isa = PBXFileReference; lastKnownFileType = folder.assetcatalog; path = Images.xcassets; sourceTree = "<group>"; };
		A00A804C1A9AE29C0074785C /* Base */ = {isa = PBXFileReference; lastKnownFileType = file.xib; name = Base; path = Base.lproj/LaunchScreen.xib; sourceTree = "<group>"; };
		A00A80521A9AE29C0074785C /* RPSgameTests.xctest */ = {isa = PBXFileReference; explicitFileType = wrapper.cfbundle; includeInIndex = 0; path = RPSgameTests.xctest; sourceTree = BUILT_PRODUCTS_DIR; };
		A00A80571A9AE29C0074785C /* Info.plist */ = {isa = PBXFileReference; lastKnownFileType = text.plist.xml; path = Info.plist; sourceTree = "<group>"; };
		A00A80581A9AE29C0074785C /* RPSgameTests.swift */ = {isa = PBXFileReference; lastKnownFileType = sourcecode.swift; path = RPSgameTests.swift; sourceTree = "<group>"; };
		A00A80661A9AF0440074785C /* ResultViewController.swift */ = {isa = PBXFileReference; fileEncoding = 4; lastKnownFileType = sourcecode.swift; path = ResultViewController.swift; sourceTree = "<group>"; };
/* End PBXFileReference section */

/* Begin PBXFrameworksBuildPhase section */
		A00A803A1A9AE29C0074785C /* Frameworks */ = {
			isa = PBXFrameworksBuildPhase;
			buildActionMask = 2147483647;
			files = (
			);
			runOnlyForDeploymentPostprocessing = 0;
		};
		A00A804F1A9AE29C0074785C /* Frameworks */ = {
			isa = PBXFrameworksBuildPhase;
			buildActionMask = 2147483647;
			files = (
			);
			runOnlyForDeploymentPostprocessing = 0;
		};
/* End PBXFrameworksBuildPhase section */

/* Begin PBXGroup section */
		A00A80341A9AE29B0074785C = {
			isa = PBXGroup;
			children = (
				A00A803F1A9AE29C0074785C /* RPSgame */,
				A00A80551A9AE29C0074785C /* RPSgameTests */,
				A00A803E1A9AE29C0074785C /* Products */,
			);
			sourceTree = "<group>";
		};
		A00A803E1A9AE29C0074785C /* Products */ = {
			isa = PBXGroup;
			children = (
				A00A803D1A9AE29C0074785C /* RPSgame.app */,
				A00A80521A9AE29C0074785C /* RPSgameTests.xctest */,
			);
			name = Products;
			sourceTree = "<group>";
		};
		A00A803F1A9AE29C0074785C /* RPSgame */ = {
			isa = PBXGroup;
			children = (
				A00A80421A9AE29C0074785C /* AppDelegate.swift */,
				A00A80441A9AE29C0074785C /* ViewController.swift */,
				A00A80661A9AF0440074785C /* ResultViewController.swift */,
				A00A80461A9AE29C0074785C /* Main.storyboard */,
				A00A80491A9AE29C0074785C /* Images.xcassets */,
				A00A804B1A9AE29C0074785C /* LaunchScreen.xib */,
				A00A80401A9AE29C0074785C /* Supporting Files */,
			);
			path = RPSgame;
			sourceTree = "<group>";
		};
		A00A80401A9AE29C0074785C /* Supporting Files */ = {
			isa = PBXGroup;
			children = (
				A00A80411A9AE29C0074785C /* Info.plist */,
			);
			name = "Supporting Files";
			sourceTree = "<group>";
		};
		A00A80551A9AE29C0074785C /* RPSgameTests */ = {
			isa = PBXGroup;
			children = (
				A00A80581A9AE29C0074785C /* RPSgameTests.swift */,
				A00A80561A9AE29C0074785C /* Supporting Files */,
			);
			path = RPSgameTests;
			sourceTree = "<group>";
		};
		A00A80561A9AE29C0074785C /* Supporting Files */ = {
			isa = PBXGroup;
			children = (
				A00A80571A9AE29C0074785C /* Info.plist */,
			);
			name = "Supporting Files";
			sourceTree = "<group>";
		};
/* End PBXGroup section */

/* Begin PBXNativeTarget section */
		A00A803C1A9AE29C0074785C /* RPSgame */ = {
			isa = PBXNativeTarget;
			buildConfigurationList = A00A805C1A9AE29C0074785C /* Build configuration list for PBXNativeTarget "RPSgame" */;
			buildPhases = (
				A00A80391A9AE29C0074785C /* Sources */,
				A00A803A1A9AE29C0074785C /* Frameworks */,
				A00A803B1A9AE29C0074785C /* Resources */,
			);
			buildRules = (
			);
			dependencies = (
			);
			name = RPSgame;
			productName = RPSgame;
			productReference = A00A803D1A9AE29C0074785C /* RPSgame.app */;
			productType = "com.apple.product-type.application";
		};
		A00A80511A9AE29C0074785C /* RPSgameTests */ = {
			isa = PBXNativeTarget;
			buildConfigurationList = A00A805F1A9AE29C0074785C /* Build configuration list for PBXNativeTarget "RPSgameTests" */;
			buildPhases = (
				A00A804E1A9AE29C0074785C /* Sources */,
				A00A804F1A9AE29C0074785C /* Frameworks */,
				A00A80501A9AE29C0074785C /* Resources */,
			);
			buildRules = (
			);
			dependencies = (
				A00A80541A9AE29C0074785C /* PBXTargetDependency */,
			);
			name = RPSgameTests;
			productName = RPSgameTests;
			productReference = A00A80521A9AE29C0074785C /* RPSgameTests.xctest */;
			productType = "com.apple.product-type.bundle.unit-test";
		};
/* End PBXNativeTarget section */

/* Begin PBXProject section */
		A00A80351A9AE29B0074785C /* Project object */ = {
			isa = PBXProject;
			attributes = {
				LastUpgradeCheck = 0610;
				ORGANIZATIONNAME = "Piyoros Vephula";
				TargetAttributes = {
					A00A803C1A9AE29C0074785C = {
						CreatedOnToolsVersion = 6.1.1;
					};
					A00A80511A9AE29C0074785C = {
						CreatedOnToolsVersion = 6.1.1;
						TestTargetID = A00A803C1A9AE29C0074785C;
					};
				};
			};
			buildConfigurationList = A00A80381A9AE29B0074785C /* Build configuration list for PBXProject "RPSgame" */;
			compatibilityVersion = "Xcode 3.2";
			developmentRegion = English;
			hasScannedForEncodings = 0;
			knownRegions = (
				en,
				Base,
			);
			mainGroup = A00A80341A9AE29B0074785C;
			productRefGroup = A00A803E1A9AE29C0074785C /* Products */;
			projectDirPath = "";
			projectRoot = "";
			targets = (
				A00A803C1A9AE29C0074785C /* RPSgame */,
				A00A80511A9AE29C0074785C /* RPSgameTests */,
			);
		};
/* End PBXProject section */

/* Begin PBXResourcesBuildPhase section */
		A00A803B1A9AE29C0074785C /* Resources */ = {
			isa = PBXResourcesBuildPhase;
			buildActionMask = 2147483647;
			files = (
				A00A80481A9AE29C0074785C /* Main.storyboard in Resources */,
				A00A804D1A9AE29C0074785C /* LaunchScreen.xib in Resources */,
				A00A804A1A9AE29C0074785C /* Images.xcassets in Resources */,
			);
			runOnlyForDeploymentPostprocessing = 0;
		};
		A00A80501A9AE29C0074785C /* Resources */ = {
			isa = PBXResourcesBuildPhase;
			buildActionMask = 2147483647;
			files = (
			);
			runOnlyForDeploymentPostprocessing = 0;
		};
/* End PBXResourcesBuildPhase section */

/* Begin PBXSourcesBuildPhase section */
		A00A80391A9AE29C0074785C /* Sources */ = {
			isa = PBXSourcesBuildPhase;
			buildActionMask = 2147483647;
			files = (
				A00A80451A9AE29C0074785C /* ViewController.swift in Sources */,
				A00A80671A9AF0440074785C /* ResultViewController.swift in Sources */,
				A00A80431A9AE29C0074785C /* AppDelegate.swift in Sources */,
			);
			runOnlyForDeploymentPostprocessing = 0;
		};
		A00A804E1A9AE29C0074785C /* Sources */ = {
			isa = PBXSourcesBuildPhase;
			buildActionMask = 2147483647;
			files = (
				A00A80591A9AE29C0074785C /* RPSgameTests.swift in Sources */,
			);
			runOnlyForDeploymentPostprocessing = 0;
		};
/* End PBXSourcesBuildPhase section */

/* Begin PBXTargetDependency section */
		A00A80541A9AE29C0074785C /* PBXTargetDependency */ = {
			isa = PBXTargetDependency;
			target = A00A803C1A9AE29C0074785C /* RPSgame */;
			targetProxy = A00A80531A9AE29C0074785C /* PBXContainerItemProxy */;
		};
/* End PBXTargetDependency section */

/* Begin PBXVariantGroup section */
		A00A80461A9AE29C0074785C /* Main.storyboard */ = {
			isa = PBXVariantGroup;
			children = (
				A00A80471A9AE29C0074785C /* Base */,
			);
			name = Main.storyboard;
			sourceTree = "<group>";
		};
		A00A804B1A9AE29C0074785C /* LaunchScreen.xib */ = {
			isa = PBXVariantGroup;
			children = (
				A00A804C1A9AE29C0074785C /* Base */,
			);
			name = LaunchScreen.xib;
			sourceTree = "<group>";
		};
/* End PBXVariantGroup section */

/* Begin XCBuildConfiguration section */
		A00A805A1A9AE29C0074785C /* Debug */ = {
			isa = XCBuildConfiguration;
			buildSettings = {
				ALWAYS_SEARCH_USER_PATHS = NO;
				CLANG_CXX_LANGUAGE_STANDARD = "gnu++0x";
				CLANG_CXX_LIBRARY = "libc++";
				CLANG_ENABLE_MODULES = YES;
				CLANG_ENABLE_OBJC_ARC = YES;
				CLANG_WARN_BOOL_CONVERSION = YES;
				CLANG_WARN_CONSTANT_CONVERSION = YES;
				CLANG_WARN_DIRECT_OBJC_ISA_USAGE = YES_ERROR;
				CLANG_WARN_EMPTY_BODY = YES;
				CLANG_WARN_ENUM_CONVERSION = YES;
				CLANG_WARN_INT_CONVERSION = YES;
				CLANG_WARN_OBJC_ROOT_CLASS = YES_ERROR;
				CLANG_WARN_UNREACHABLE_CODE = YES;
				CLANG_WARN__DUPLICATE_METHOD_MATCH = YES;
				"CODE_SIGN_IDENTITY[sdk=iphoneos*]" = "iPhone Developer";
				COPY_PHASE_STRIP = NO;
				ENABLE_STRICT_OBJC_MSGSEND = YES;
				GCC_C_LANGUAGE_STANDARD = gnu99;
				GCC_DYNAMIC_NO_PIC = NO;
				GCC_OPTIMIZATION_LEVEL = 0;
				GCC_PREPROCESSOR_DEFINITIONS = (
					"DEBUG=1",
					"$(inherited)",
				);
				GCC_SYMBOLS_PRIVATE_EXTERN = NO;
				GCC_WARN_64_TO_32_BIT_CONVERSION = YES;
				GCC_WARN_ABOUT_RETURN_TYPE = YES_ERROR;
				GCC_WARN_UNDECLARED_SELECTOR = YES;
				GCC_WARN_UNINITIALIZED_AUTOS = YES_AGGRESSIVE;
				GCC_WARN_UNUSED_FUNCTION = YES;
				GCC_WARN_UNUSED_VARIABLE = YES;
				IPHONEOS_DEPLOYMENT_TARGET = 8.1;
				MTL_ENABLE_DEBUG_INFO = YES;
				ONLY_ACTIVE_ARCH = YES;
				SDKROOT = iphoneos;
				SWIFT_OPTIMIZATION_LEVEL = "-Onone";
			};
			name = Debug;
		};
		A00A805B1A9AE29C0074785C /* Release */ = {
			isa = XCBuildConfiguration;
			buildSettings = {
				ALWAYS_SEARCH_USER_PATHS = NO;
				CLANG_CXX_LANGUAGE_STANDARD = "gnu++0x";
				CLANG_CXX_LIBRARY = "libc++";
				CLANG_ENABLE_MODULES = YES;
				CLANG_ENABLE_OBJC_ARC = YES;
				CLANG_WARN_BOOL_CONVERSION = YES;
				CLANG_WARN_CONSTANT_CONVERSION = YES;
				CLANG_WARN_DIRECT_OBJC_ISA_USAGE = YES_ERROR;
				CLANG_WARN_EMPTY_BODY = YES;
				CLANG_WARN_ENUM_CONVERSION = YES;
				CLANG_WARN_INT_CONVERSION = YES;
				CLANG_WARN_OBJC_ROOT_CLASS = YES_ERROR;
				CLANG_WARN_UNREACHABLE_CODE = YES;
				CLANG_WARN__DUPLICATE_METHOD_MATCH = YES;
				"CODE_SIGN_IDENTITY[sdk=iphoneos*]" = "iPhone Developer";
				COPY_PHASE_STRIP = YES;
				ENABLE_NS_ASSERTIONS = NO;
				ENABLE_STRICT_OBJC_MSGSEND = YES;
				GCC_C_LANGUAGE_STANDARD = gnu99;
				GCC_WARN_64_TO_32_BIT_CONVERSION = YES;
				GCC_WARN_ABOUT_RETURN_TYPE = YES_ERROR;
				GCC_WARN_UNDECLARED_SELECTOR = YES;
				GCC_WARN_UNINITIALIZED_AUTOS = YES_AGGRESSIVE;
				GCC_WARN_UNUSED_FUNCTION = YES;
				GCC_WARN_UNUSED_VARIABLE = YES;
				IPHONEOS_DEPLOYMENT_TARGET = 8.1;
				MTL_ENABLE_DEBUG_INFO = NO;
				SDKROOT = iphoneos;
				VALIDATE_PRODUCT = YES;
			};
			name = Release;
		};
		A00A805D1A9AE29C0074785C /* Debug */ = {
			isa = XCBuildConfiguration;
			buildSettings = {
				ASSETCATALOG_COMPILER_APPICON_NAME = AppIcon;
				INFOPLIST_FILE = RPSgame/Info.plist;
				LD_RUNPATH_SEARCH_PATHS = "$(inherited) @executable_path/Frameworks";
				PRODUCT_NAME = "$(TARGET_NAME)";
			};
			name = Debug;
		};
		A00A805E1A9AE29C0074785C /* Release */ = {
			isa = XCBuildConfiguration;
			buildSettings = {
				ASSETCATALOG_COMPILER_APPICON_NAME = AppIcon;
				INFOPLIST_FILE = RPSgame/Info.plist;
				LD_RUNPATH_SEARCH_PATHS = "$(inherited) @executable_path/Frameworks";
				PRODUCT_NAME = "$(TARGET_NAME)";
			};
			name = Release;
		};
		A00A80601A9AE29C0074785C /* Debug */ = {
			isa = XCBuildConfiguration;
			buildSettings = {
				BUNDLE_LOADER = "$(TEST_HOST)";
				FRAMEWORK_SEARCH_PATHS = (
					"$(SDKROOT)/Developer/Library/Frameworks",
					"$(inherited)",
				);
				GCC_PREPROCESSOR_DEFINITIONS = (
					"DEBUG=1",
					"$(inherited)",
				);
				INFOPLIST_FILE = RPSgameTests/Info.plist;
				LD_RUNPATH_SEARCH_PATHS = "$(inherited) @executable_path/Frameworks @loader_path/Frameworks";
				PRODUCT_NAME = "$(TARGET_NAME)";
				TEST_HOST = "$(BUILT_PRODUCTS_DIR)/RPSgame.app/RPSgame";
			};
			name = Debug;
		};
		A00A80611A9AE29C0074785C /* Release */ = {
			isa = XCBuildConfiguration;
			buildSettings = {
				BUNDLE_LOADER = "$(TEST_HOST)";
				FRAMEWORK_SEARCH_PATHS = (
					"$(SDKROOT)/Developer/Library/Frameworks",
					"$(inherited)",
				);
				INFOPLIST_FILE = RPSgameTests/Info.plist;
				LD_RUNPATH_SEARCH_PATHS = "$(inherited) @executable_path/Frameworks @loader_path/Frameworks";
				PRODUCT_NAME = "$(TARGET_NAME)";
				TEST_HOST = "$(BUILT_PRODUCTS_DIR)/RPSgame.app/RPSgame";
			};
			name = Release;
		};
/* End XCBuildConfiguration section */

/* Begin XCConfigurationList section */
		A00A80381A9AE29B0074785C /* Build configuration list for PBXProject "RPSgame" */ = {
			isa = XCConfigurationList;
			buildConfigurations = (
				A00A805A1A9AE29C0074785C /* Debug */,
				A00A805B1A9AE29C0074785C /* Release */,
			);
			defaultConfigurationIsVisible = 0;
			defaultConfigurationName = Release;
		};
		A00A805C1A9AE29C0074785C /* Build configuration list for PBXNativeTarget "RPSgame" */ = {
			isa = XCConfigurationList;
			buildConfigurations = (
				A00A805D1A9AE29C0074785C /* Debug */,
				A00A805E1A9AE29C0074785C /* Release */,
			);
			defaultConfigurationIsVisible = 0;
		};
		A00A805F1A9AE29C0074785C /* Build configuration list for PBXNativeTarget "RPSgameTests" */ = {
			isa = XCConfigurationList;
			buildConfigurations = (
				A00A80601A9AE29C0074785C /* Debug */,
				A00A80611A9AE29C0074785C /* Release */,
			);
			defaultConfigurationIsVisible = 0;
		};
/* End XCConfigurationList section */
	};
	rootObject = A00A80351A9AE29B0074785C /* Project object */;
}
